// !$*UTF8*$!
{
	archiveVersion = 1;
	classes = {
	};
	objectVersion = 56;
	objects = {

/* Begin PBXBuildFile section */
		83344AB22924036C00D260FD /* StarWarsCharacters.swift in Sources */ = {isa = PBXBuildFile; fileRef = 83344AB12924036C00D260FD /* StarWarsCharacters.swift */; };
		83344AB52924311C00D260FD /* NetworkManager.swift in Sources */ = {isa = PBXBuildFile; fileRef = 83344AB42924311C00D260FD /* NetworkManager.swift */; };
		83A70DFC2926411A000F776B /* EpisodesViewController.swift in Sources */ = {isa = PBXBuildFile; fileRef = 83A70DFB2926411A000F776B /* EpisodesViewController.swift */; };
		83C382742924FA0D00B1A94A /* CharactersViewController.swift in Sources */ = {isa = PBXBuildFile; fileRef = 83C382732924FA0D00B1A94A /* CharactersViewController.swift */; };
		83C382762926354B00B1A94A /* CharacterDetailViewController.swift in Sources */ = {isa = PBXBuildFile; fileRef = 83C382752926354B00B1A94A /* CharacterDetailViewController.swift */; };
		83ED5CD12922666500CE4D62 /* AppDelegate.swift in Sources */ = {isa = PBXBuildFile; fileRef = 83ED5CD02922666500CE4D62 /* AppDelegate.swift */; };
		83ED5CD32922666500CE4D62 /* SceneDelegate.swift in Sources */ = {isa = PBXBuildFile; fileRef = 83ED5CD22922666500CE4D62 /* SceneDelegate.swift */; };
		83ED5CD52922666500CE4D62 /* MainViewController.swift in Sources */ = {isa = PBXBuildFile; fileRef = 83ED5CD42922666500CE4D62 /* MainViewController.swift */; };
		83ED5CD82922666500CE4D62 /* Main.storyboard in Resources */ = {isa = PBXBuildFile; fileRef = 83ED5CD62922666500CE4D62 /* Main.storyboard */; };
		83ED5CDA2922666600CE4D62 /* Assets.xcassets in Resources */ = {isa = PBXBuildFile; fileRef = 83ED5CD92922666600CE4D62 /* Assets.xcassets */; };
		83ED5CDD2922666600CE4D62 /* LaunchScreen.storyboard in Resources */ = {isa = PBXBuildFile; fileRef = 83ED5CDB2922666600CE4D62 /* LaunchScreen.storyboard */; };
/* End PBXBuildFile section */

/* Begin PBXFileReference section */
		83344AB12924036C00D260FD /* StarWarsCharacters.swift */ = {isa = PBXFileReference; lastKnownFileType = sourcecode.swift; path = StarWarsCharacters.swift; sourceTree = "<group>"; };
		83344AB42924311C00D260FD /* NetworkManager.swift */ = {isa = PBXFileReference; lastKnownFileType = sourcecode.swift; path = NetworkManager.swift; sourceTree = "<group>"; };
		83A70DFB2926411A000F776B /* EpisodesViewController.swift */ = {isa = PBXFileReference; lastKnownFileType = sourcecode.swift; path = EpisodesViewController.swift; sourceTree = "<group>"; };
		83C382732924FA0D00B1A94A /* CharactersViewController.swift */ = {isa = PBXFileReference; lastKnownFileType = sourcecode.swift; path = CharactersViewController.swift; sourceTree = "<group>"; };
		83C382752926354B00B1A94A /* CharacterDetailViewController.swift */ = {isa = PBXFileReference; lastKnownFileType = sourcecode.swift; path = CharacterDetailViewController.swift; sourceTree = "<group>"; };
		83ED5CCD2922666500CE4D62 /* StarWarsWiki.app */ = {isa = PBXFileReference; explicitFileType = wrapper.application; includeInIndex = 0; path = StarWarsWiki.app; sourceTree = BUILT_PRODUCTS_DIR; };
		83ED5CD02922666500CE4D62 /* AppDelegate.swift */ = {isa = PBXFileReference; lastKnownFileType = sourcecode.swift; path = AppDelegate.swift; sourceTree = "<group>"; };
		83ED5CD22922666500CE4D62 /* SceneDelegate.swift */ = {isa = PBXFileReference; lastKnownFileType = sourcecode.swift; path = SceneDelegate.swift; sourceTree = "<group>"; };
		83ED5CD42922666500CE4D62 /* MainViewController.swift */ = {isa = PBXFileReference; lastKnownFileType = sourcecode.swift; path = MainViewController.swift; sourceTree = "<group>"; };
		83ED5CD72922666500CE4D62 /* Base */ = {isa = PBXFileReference; lastKnownFileType = file.storyboard; name = Base; path = Base.lproj/Main.storyboard; sourceTree = "<group>"; };
		83ED5CD92922666600CE4D62 /* Assets.xcassets */ = {isa = PBXFileReference; lastKnownFileType = folder.assetcatalog; path = Assets.xcassets; sourceTree = "<group>"; };
		83ED5CDC2922666600CE4D62 /* Base */ = {isa = PBXFileReference; lastKnownFileType = file.storyboard; name = Base; path = Base.lproj/LaunchScreen.storyboard; sourceTree = "<group>"; };
		83ED5CDE2922666600CE4D62 /* Info.plist */ = {isa = PBXFileReference; lastKnownFileType = text.plist.xml; path = Info.plist; sourceTree = "<group>"; };
/* End PBXFileReference section */

/* Begin PBXFrameworksBuildPhase section */
		83ED5CCA2922666500CE4D62 /* Frameworks */ = {
			isa = PBXFrameworksBuildPhase;
			buildActionMask = 2147483647;
			files = (
			);
			runOnlyForDeploymentPostprocessing = 0;
		};
/* End PBXFrameworksBuildPhase section */

/* Begin PBXGroup section */
		83344AB32924037300D260FD /* Models */ = {
			isa = PBXGroup;
			children = (
				83344AB12924036C00D260FD /* StarWarsCharacters.swift */,
			);
			path = Models;
			sourceTree = "<group>";
		};
		83344AB72924313000D260FD /* Services */ = {
			isa = PBXGroup;
			children = (
				83344AB42924311C00D260FD /* NetworkManager.swift */,
			);
			path = Services;
			sourceTree = "<group>";
		};
		83ED5CC42922666500CE4D62 = {
			isa = PBXGroup;
			children = (
				83ED5CCF2922666500CE4D62 /* StarWarsWiki */,
				83ED5CCE2922666500CE4D62 /* Products */,
			);
			sourceTree = "<group>";
		};
		83ED5CCE2922666500CE4D62 /* Products */ = {
			isa = PBXGroup;
			children = (
				83ED5CCD2922666500CE4D62 /* StarWarsWiki.app */,
			);
			name = Products;
			sourceTree = "<group>";
		};
		83ED5CCF2922666500CE4D62 /* StarWarsWiki */ = {
			isa = PBXGroup;
			children = (
				83ED5CE629226DD000CE4D62 /* ViewControllers */,
				83344AB32924037300D260FD /* Models */,
				83344AB72924313000D260FD /* Services */,
				83ED5CE529226DCB00CE4D62 /* Config */,
				83ED5CE429226DB400CE4D62 /* Storyboards */,
				83ED5CD92922666600CE4D62 /* Assets.xcassets */,
			);
			path = StarWarsWiki;
			sourceTree = "<group>";
		};
		83ED5CE429226DB400CE4D62 /* Storyboards */ = {
			isa = PBXGroup;
			children = (
				83ED5CD62922666500CE4D62 /* Main.storyboard */,
				83ED5CDB2922666600CE4D62 /* LaunchScreen.storyboard */,
			);
			path = Storyboards;
			sourceTree = "<group>";
		};
		83ED5CE529226DCB00CE4D62 /* Config */ = {
			isa = PBXGroup;
			children = (
				83ED5CD02922666500CE4D62 /* AppDelegate.swift */,
				83ED5CD22922666500CE4D62 /* SceneDelegate.swift */,
				83ED5CDE2922666600CE4D62 /* Info.plist */,
			);
			path = Config;
			sourceTree = "<group>";
		};
		83ED5CE629226DD000CE4D62 /* ViewControllers */ = {
			isa = PBXGroup;
			children = (
				83ED5CD42922666500CE4D62 /* MainViewController.swift */,
				83C382732924FA0D00B1A94A /* CharactersViewController.swift */,
				83C382752926354B00B1A94A /* CharacterDetailViewController.swift */,
				83A70DFB2926411A000F776B /* EpisodesViewController.swift */,
			);
			path = ViewControllers;
			sourceTree = "<group>";
		};
/* End PBXGroup section */

/* Begin PBXNativeTarget section */
		83ED5CCC2922666500CE4D62 /* StarWarsWiki */ = {
			isa = PBXNativeTarget;
			buildConfigurationList = 83ED5CE12922666600CE4D62 /* Build configuration list for PBXNativeTarget "StarWarsWiki" */;
			buildPhases = (
				83ED5CC92922666500CE4D62 /* Sources */,
				83ED5CCA2922666500CE4D62 /* Frameworks */,
				83ED5CCB2922666500CE4D62 /* Resources */,
			);
			buildRules = (
			);
			dependencies = (
			);
			name = StarWarsWiki;
			productName = StarWarsWiki;
			productReference = 83ED5CCD2922666500CE4D62 /* StarWarsWiki.app */;
			productType = "com.apple.product-type.application";
		};
/* End PBXNativeTarget section */

/* Begin PBXProject section */
		83ED5CC52922666500CE4D62 /* Project object */ = {
			isa = PBXProject;
			attributes = {
				BuildIndependentTargetsInParallel = 1;
				LastSwiftUpdateCheck = 1400;
				LastUpgradeCheck = 1400;
				TargetAttributes = {
					83ED5CCC2922666500CE4D62 = {
						CreatedOnToolsVersion = 14.0;
					};
				};
			};
			buildConfigurationList = 83ED5CC82922666500CE4D62 /* Build configuration list for PBXProject "StarWarsWiki" */;
			compatibilityVersion = "Xcode 14.0";
			developmentRegion = en;
			hasScannedForEncodings = 0;
			knownRegions = (
				en,
				Base,
			);
			mainGroup = 83ED5CC42922666500CE4D62;
			productRefGroup = 83ED5CCE2922666500CE4D62 /* Products */;
			projectDirPath = "";
			projectRoot = "";
			targets = (
				83ED5CCC2922666500CE4D62 /* StarWarsWiki */,
			);
		};
/* End PBXProject section */

/* Begin PBXResourcesBuildPhase section */
		83ED5CCB2922666500CE4D62 /* Resources */ = {
			isa = PBXResourcesBuildPhase;
			buildActionMask = 2147483647;
			files = (
				83ED5CDD2922666600CE4D62 /* LaunchScreen.storyboard in Resources */,
				83ED5CDA2922666600CE4D62 /* Assets.xcassets in Resources */,
				83ED5CD82922666500CE4D62 /* Main.storyboard in Resources */,
			);
			runOnlyForDeploymentPostprocessing = 0;
		};
/* End PBXResourcesBuildPhase section */

/* Begin PBXSourcesBuildPhase section */
		83ED5CC92922666500CE4D62 /* Sources */ = {
			isa = PBXSourcesBuildPhase;
			buildActionMask = 2147483647;
			files = (
				83ED5CD52922666500CE4D62 /* MainViewController.swift in Sources */,
				83ED5CD12922666500CE4D62 /* AppDelegate.swift in Sources */,
				83A70DFC2926411A000F776B /* EpisodesViewController.swift in Sources */,
				83C382742924FA0D00B1A94A /* CharactersViewController.swift in Sources */,
				83344AB52924311C00D260FD /* NetworkManager.swift in Sources */,
				83C382762926354B00B1A94A /* CharacterDetailViewController.swift in Sources */,
				83ED5CD32922666500CE4D62 /* SceneDelegate.swift in Sources */,
				83344AB22924036C00D260FD /* StarWarsCharacters.swift in Sources */,
			);
			runOnlyForDeploymentPostprocessing = 0;
		};
/* End PBXSourcesBuildPhase section */

/* Begin PBXVariantGroup section */
		83ED5CD62922666500CE4D62 /* Main.storyboard */ = {
			isa = PBXVariantGroup;
			children = (
				83ED5CD72922666500CE4D62 /* Base */,
			);
			name = Main.storyboard;
			sourceTree = "<group>";
		};
		83ED5CDB2922666600CE4D62 /* LaunchScreen.storyboard */ = {
			isa = PBXVariantGroup;
			children = (
				83ED5CDC2922666600CE4D62 /* Base */,
			);
			name = LaunchScreen.storyboard;
			sourceTree = "<group>";
		};
/* End PBXVariantGroup section */

/* Begin XCBuildConfiguration section */
		83ED5CDF2922666600CE4D62 /* Debug */ = {
			isa = XCBuildConfiguration;
			buildSettings = {
				ALWAYS_SEARCH_USER_PATHS = NO;
				CLANG_ANALYZER_NONNULL = YES;
				CLANG_ANALYZER_NUMBER_OBJECT_CONVERSION = YES_AGGRESSIVE;
				CLANG_CXX_LANGUAGE_STANDARD = "gnu++20";
				CLANG_ENABLE_MODULES = YES;
				CLANG_ENABLE_OBJC_ARC = YES;
				CLANG_ENABLE_OBJC_WEAK = YES;
				CLANG_WARN_BLOCK_CAPTURE_AUTORELEASING = YES;
				CLANG_WARN_BOOL_CONVERSION = YES;
				CLANG_WARN_COMMA = YES;
				CLANG_WARN_CONSTANT_CONVERSION = YES;
				CLANG_WARN_DEPRECATED_OBJC_IMPLEMENTATIONS = YES;
				CLANG_WARN_DIRECT_OBJC_ISA_USAGE = YES_ERROR;
				CLANG_WARN_DOCUMENTATION_COMMENTS = YES;
				CLANG_WARN_EMPTY_BODY = YES;
				CLANG_WARN_ENUM_CONVERSION = YES;
				CLANG_WARN_INFINITE_RECURSION = YES;
				CLANG_WARN_INT_CONVERSION = YES;
				CLANG_WARN_NON_LITERAL_NULL_CONVERSION = YES;
				CLANG_WARN_OBJC_IMPLICIT_RETAIN_SELF = YES;
				CLANG_WARN_OBJC_LITERAL_CONVERSION = YES;
				CLANG_WARN_OBJC_ROOT_CLASS = YES_ERROR;
				CLANG_WARN_QUOTED_INCLUDE_IN_FRAMEWORK_HEADER = YES;
				CLANG_WARN_RANGE_LOOP_ANALYSIS = YES;
				CLANG_WARN_STRICT_PROTOTYPES = YES;
				CLANG_WARN_SUSPICIOUS_MOVE = YES;
				CLANG_WARN_UNGUARDED_AVAILABILITY = YES_AGGRESSIVE;
				CLANG_WARN_UNREACHABLE_CODE = YES;
				CLANG_WARN__DUPLICATE_METHOD_MATCH = YES;
				COPY_PHASE_STRIP = NO;
				DEBUG_INFORMATION_FORMAT = dwarf;
				ENABLE_STRICT_OBJC_MSGSEND = YES;
				ENABLE_TESTABILITY = YES;
				GCC_C_LANGUAGE_STANDARD = gnu11;
				GCC_DYNAMIC_NO_PIC = NO;
				GCC_NO_COMMON_BLOCKS = YES;
				GCC_OPTIMIZATION_LEVEL = 0;
				GCC_PREPROCESSOR_DEFINITIONS = (
					"DEBUG=1",
					"$(inherited)",
				);
				GCC_WARN_64_TO_32_BIT_CONVERSION = YES;
				GCC_WARN_ABOUT_RETURN_TYPE = YES_ERROR;
				GCC_WARN_UNDECLARED_SELECTOR = YES;
				GCC_WARN_UNINITIALIZED_AUTOS = YES_AGGRESSIVE;
				GCC_WARN_UNUSED_FUNCTION = YES;
				GCC_WARN_UNUSED_VARIABLE = YES;
				IPHONEOS_DEPLOYMENT_TARGET = 16.0;
				MTL_ENABLE_DEBUG_INFO = INCLUDE_SOURCE;
				MTL_FAST_MATH = YES;
				ONLY_ACTIVE_ARCH = YES;
				SDKROOT = iphoneos;
				SWIFT_ACTIVE_COMPILATION_CONDITIONS = DEBUG;
				SWIFT_OPTIMIZATION_LEVEL = "-Onone";
			};
			name = Debug;
		};
		83ED5CE02922666600CE4D62 /* Release */ = {
			isa = XCBuildConfiguration;
			buildSettings = {
				ALWAYS_SEARCH_USER_PATHS = NO;
				CLANG_ANALYZER_NONNULL = YES;
				CLANG_ANALYZER_NUMBER_OBJECT_CONVERSION = YES_AGGRESSIVE;
				CLANG_CXX_LANGUAGE_STANDARD = "gnu++20";
				CLANG_ENABLE_MODULES = YES;
				CLANG_ENABLE_OBJC_ARC = YES;
				CLANG_ENABLE_OBJC_WEAK = YES;
				CLANG_WARN_BLOCK_CAPTURE_AUTORELEASING = YES;
				CLANG_WARN_BOOL_CONVERSION = YES;
				CLANG_WARN_COMMA = YES;
				CLANG_WARN_CONSTANT_CONVERSION = YES;
				CLANG_WARN_DEPRECATED_OBJC_IMPLEMENTATIONS = YES;
				CLANG_WARN_DIRECT_OBJC_ISA_USAGE = YES_ERROR;
				CLANG_WARN_DOCUMENTATION_COMMENTS = YES;
				CLANG_WARN_EMPTY_BODY = YES;
				CLANG_WARN_ENUM_CONVERSION = YES;
				CLANG_WARN_INFINITE_RECURSION = YES;
				CLANG_WARN_INT_CONVERSION = YES;
				CLANG_WARN_NON_LITERAL_NULL_CONVERSION = YES;
				CLANG_WARN_OBJC_IMPLICIT_RETAIN_SELF = YES;
				CLANG_WARN_OBJC_LITERAL_CONVERSION = YES;
				CLANG_WARN_OBJC_ROOT_CLASS = YES_ERROR;
				CLANG_WARN_QUOTED_INCLUDE_IN_FRAMEWORK_HEADER = YES;
				CLANG_WARN_RANGE_LOOP_ANALYSIS = YES;
				CLANG_WARN_STRICT_PROTOTYPES = YES;
				CLANG_WARN_SUSPICIOUS_MOVE = YES;
				CLANG_WARN_UNGUARDED_AVAILABILITY = YES_AGGRESSIVE;
				CLANG_WARN_UNREACHABLE_CODE = YES;
				CLANG_WARN__DUPLICATE_METHOD_MATCH = YES;
				COPY_PHASE_STRIP = NO;
				DEBUG_INFORMATION_FORMAT = "dwarf-with-dsym";
				ENABLE_NS_ASSERTIONS = NO;
				ENABLE_STRICT_OBJC_MSGSEND = YES;
				GCC_C_LANGUAGE_STANDARD = gnu11;
				GCC_NO_COMMON_BLOCKS = YES;
				GCC_WARN_64_TO_32_BIT_CONVERSION = YES;
				GCC_WARN_ABOUT_RETURN_TYPE = YES_ERROR;
				GCC_WARN_UNDECLARED_SELECTOR = YES;
				GCC_WARN_UNINITIALIZED_AUTOS = YES_AGGRESSIVE;
				GCC_WARN_UNUSED_FUNCTION = YES;
				GCC_WARN_UNUSED_VARIABLE = YES;
				IPHONEOS_DEPLOYMENT_TARGET = 16.0;
				MTL_ENABLE_DEBUG_INFO = NO;
				MTL_FAST_MATH = YES;
				SDKROOT = iphoneos;
				SWIFT_COMPILATION_MODE = wholemodule;
				SWIFT_OPTIMIZATION_LEVEL = "-O";
				VALIDATE_PRODUCT = YES;
			};
			name = Release;
		};
		83ED5CE22922666600CE4D62 /* Debug */ = {
			isa = XCBuildConfiguration;
			buildSettings = {
				ASSETCATALOG_COMPILER_APPICON_NAME = AppIcon;
				ASSETCATALOG_COMPILER_GLOBAL_ACCENT_COLOR_NAME = AccentColor;
				CODE_SIGN_STYLE = Automatic;
				CURRENT_PROJECT_VERSION = 8;
				DEVELOPMENT_TEAM = J572FQ3494;
				GENERATE_INFOPLIST_FILE = YES;
				INFOPLIST_FILE = StarWarsWiki/Config/Info.plist;
				INFOPLIST_KEY_UIApplicationSupportsIndirectInputEvents = YES;
				INFOPLIST_KEY_UILaunchStoryboardName = LaunchScreen;
				INFOPLIST_KEY_UIMainStoryboardFile = Main;
				INFOPLIST_KEY_UISupportedInterfaceOrientations = UIInterfaceOrientationPortrait;
				INFOPLIST_KEY_UISupportedInterfaceOrientations_iPad = "UIInterfaceOrientationLandscapeLeft UIInterfaceOrientationLandscapeRight UIInterfaceOrientationPortrait UIInterfaceOrientationPortraitUpsideDown";
				IPHONEOS_DEPLOYMENT_TARGET = 15.0;
				LD_RUNPATH_SEARCH_PATHS = (
					"$(inherited)",
					"@executable_path/Frameworks",
				);
				MARKETING_VERSION = 0.7.0;
				PRODUCT_BUNDLE_IDENTIFIER = com.AndreySandler.StarWarsWiki;
				PRODUCT_NAME = "$(TARGET_NAME)";
				SUPPORTED_PLATFORMS = "iphoneos iphonesimulator";
				SUPPORTS_MACCATALYST = NO;
				SUPPORTS_MAC_DESIGNED_FOR_IPHONE_IPAD = NO;
				SWIFT_EMIT_LOC_STRINGS = YES;
				SWIFT_VERSION = 5.0;
				TARGETED_DEVICE_FAMILY = 1;
			};
			name = Debug;
		};
		83ED5CE32922666600CE4D62 /* Release */ = {
			isa = XCBuildConfiguration;
			buildSettings = {
				ASSETCATALOG_COMPILER_APPICON_NAME = AppIcon;
				ASSETCATALOG_COMPILER_GLOBAL_ACCENT_COLOR_NAME = AccentColor;
				CODE_SIGN_STYLE = Automatic;
				CURRENT_PROJECT_VERSION = 8;
				DEVELOPMENT_TEAM = J572FQ3494;
				GENERATE_INFOPLIST_FILE = YES;
				INFOPLIST_FILE = StarWarsWiki/Config/Info.plist;
				INFOPLIST_KEY_UIApplicationSupportsIndirectInputEvents = YES;
				INFOPLIST_KEY_UILaunchStoryboardName = LaunchScreen;
				INFOPLIST_KEY_UIMainStoryboardFile = Main;
				INFOPLIST_KEY_UISupportedInterfaceOrientations = UIInterfaceOrientationPortrait;
				INFOPLIST_KEY_UISupportedInterfaceOrientations_iPad = "UIInterfaceOrientationLandscapeLeft UIInterfaceOrientationLandscapeRight UIInterfaceOrientationPortrait UIInterfaceOrientationPortraitUpsideDown";
				IPHONEOS_DEPLOYMENT_TARGET = 15.0;
				LD_RUNPATH_SEARCH_PATHS = (
					"$(inherited)",
					"@executable_path/Frameworks",
				);
				MARKETING_VERSION = 0.7.0;
				PRODUCT_BUNDLE_IDENTIFIER = com.AndreySandler.StarWarsWiki;
				PRODUCT_NAME = "$(TARGET_NAME)";
				SUPPORTED_PLATFORMS = "iphoneos iphonesimulator";
				SUPPORTS_MACCATALYST = NO;
				SUPPORTS_MAC_DESIGNED_FOR_IPHONE_IPAD = NO;
				SWIFT_EMIT_LOC_STRINGS = YES;
				SWIFT_VERSION = 5.0;
				TARGETED_DEVICE_FAMILY = 1;
			};
			name = Release;
		};
/* End XCBuildConfiguration section */

/* Begin XCConfigurationList section */
		83ED5CC82922666500CE4D62 /* Build configuration list for PBXProject "StarWarsWiki" */ = {
			isa = XCConfigurationList;
			buildConfigurations = (
				83ED5CDF2922666600CE4D62 /* Debug */,
				83ED5CE02922666600CE4D62 /* Release */,
			);
			defaultConfigurationIsVisible = 0;
			defaultConfigurationName = Release;
		};
		83ED5CE12922666600CE4D62 /* Build configuration list for PBXNativeTarget "StarWarsWiki" */ = {
			isa = XCConfigurationList;
			buildConfigurations = (
				83ED5CE22922666600CE4D62 /* Debug */,
				83ED5CE32922666600CE4D62 /* Release */,
			);
			defaultConfigurationIsVisible = 0;
			defaultConfigurationName = Release;
		};
/* End XCConfigurationList section */
	};
	rootObject = 83ED5CC52922666500CE4D62 /* Project object */;
}
